
Microsoft Visual Studio Solution File, Format Version 12.00
# Visual Studio Version 17
VisualStudioVersion = 17.7.34031.279
MinimumVisualStudioVersion = 10.0.40219.1
Project("{FAE04EC0-301F-11D3-BF4B-00C04F79EFBC}") = "PantallaPrincipal", "PantallaPrincipal.csproj", "{5F7D6580-9AF3-40A0-B89E-F3EBE38A87BA}"
EndProject
Global
	GlobalSection(SolutionConfigurationPlatforms) = preSolution
		Debug|Any CPU = Debug|Any CPU
		Release|Any CPU = Release|Any CPU
	EndGlobalSection
	GlobalSection(ProjectConfigurationPlatforms) = postSolution
		{5F7D6580-9AF3-40A0-B89E-F3EBE38A87BA}.Debug|Any CPU.ActiveCfg = Debug|Any CPU
		{5F7D6580-9AF3-40A0-B89E-F3EBE38A87BA}.Debug|Any CPU.Build.0 = Debug|Any CPU
		{5F7D6580-9AF3-40A0-B89E-F3EBE38A87BA}.Release|Any CPU.ActiveCfg = Release|Any CPU
		{5F7D6580-9AF3-40A0-B89E-F3EBE38A87BA}.Release|Any CPU.Build.0 = Release|Any CPU
	EndGlobalSection
	GlobalSection(SolutionProperties) = preSolution
		HideSolutionNode = FALSE
	EndGlobalSection
	GlobalSection(ExtensibilityGlobals) = postSolution
		SolutionGuid = {0B2ED61A-C211-40AA-934A-73D7417B68EB}
	EndGlobalSection
EndGlobal
